// !$*UTF8*$!
{
	archiveVersion = 1;
	classes = {
	};
	objectVersion = 50;
	objects = {

/* Begin PBXBuildFile section */
		0591A163FA5E2536D8692192 /* Pods_Breakpoint_Community_app.framework in Frameworks */ = {isa = PBXBuildFile; fileRef = 6458900038F68AFB895C0B0D /* Pods_Breakpoint_Community_app.framework */; };
		351A6268219E11C3003D343A /* AppDelegate.swift in Sources */ = {isa = PBXBuildFile; fileRef = 351A6267219E11C3003D343A /* AppDelegate.swift */; };
		351A626A219E11C3003D343A /* FeedVC.swift in Sources */ = {isa = PBXBuildFile; fileRef = 351A6269219E11C3003D343A /* FeedVC.swift */; };
		351A626C219E11C3003D343A /* GroupsVC.swift in Sources */ = {isa = PBXBuildFile; fileRef = 351A626B219E11C3003D343A /* GroupsVC.swift */; };
		351A626F219E11C3003D343A /* Main.storyboard in Resources */ = {isa = PBXBuildFile; fileRef = 351A626D219E11C3003D343A /* Main.storyboard */; };
		351A6271219E11C4003D343A /* Assets.xcassets in Resources */ = {isa = PBXBuildFile; fileRef = 351A6270219E11C4003D343A /* Assets.xcassets */; };
		351A6274219E11C4003D343A /* LaunchScreen.storyboard in Resources */ = {isa = PBXBuildFile; fileRef = 351A6272219E11C4003D343A /* LaunchScreen.storyboard */; };
		351A6283219E18C1003D343A /* GoogleService-Info.plist in Resources */ = {isa = PBXBuildFile; fileRef = 351A6282219E18C1003D343A /* GoogleService-Info.plist */; };
		351A6285219E1E55003D343A /* DataService.swift in Sources */ = {isa = PBXBuildFile; fileRef = 351A6284219E1E55003D343A /* DataService.swift */; };
		351A6287219F15F9003D343A /* AuthVC.swift in Sources */ = {isa = PBXBuildFile; fileRef = 351A6286219F15F9003D343A /* AuthVC.swift */; };
		351A6289219F1615003D343A /* LoginVC.swift in Sources */ = {isa = PBXBuildFile; fileRef = 351A6288219F1615003D343A /* LoginVC.swift */; };
		351A628B219F1760003D343A /* InsetTextField.swift in Sources */ = {isa = PBXBuildFile; fileRef = 351A628A219F1760003D343A /* InsetTextField.swift */; };
		35605577219F60B300C284A9 /* ShadowView.swift in Sources */ = {isa = PBXBuildFile; fileRef = 35605576219F60B300C284A9 /* ShadowView.swift */; };
		35605579219F902B00C284A9 /* AuthService.swift in Sources */ = {isa = PBXBuildFile; fileRef = 35605578219F902B00C284A9 /* AuthService.swift */; };
		3560557B219F94B600C284A9 /* AlertVC.swift in Sources */ = {isa = PBXBuildFile; fileRef = 3560557A219F94B600C284A9 /* AlertVC.swift */; };
		3560557D219F9F1600C284A9 /* MeVC.swift in Sources */ = {isa = PBXBuildFile; fileRef = 3560557C219F9F1600C284A9 /* MeVC.swift */; };
		3560557F219FBA4800C284A9 /* CreatePostVC.swift in Sources */ = {isa = PBXBuildFile; fileRef = 3560557E219FBA4800C284A9 /* CreatePostVC.swift */; };
/* End PBXBuildFile section */

/* Begin PBXFileReference section */
		317EDAC0696304F19B2033AF /* Pods-Breakpoint-Community-app.debug.xcconfig */ = {isa = PBXFileReference; includeInIndex = 1; lastKnownFileType = text.xcconfig; name = "Pods-Breakpoint-Community-app.debug.xcconfig"; path = "Pods/Target Support Files/Pods-Breakpoint-Community-app/Pods-Breakpoint-Community-app.debug.xcconfig"; sourceTree = "<group>"; };
		351A6264219E11C3003D343A /* Breakpoint-Community-app.app */ = {isa = PBXFileReference; explicitFileType = wrapper.application; includeInIndex = 0; path = "Breakpoint-Community-app.app"; sourceTree = BUILT_PRODUCTS_DIR; };
		351A6267219E11C3003D343A /* AppDelegate.swift */ = {isa = PBXFileReference; lastKnownFileType = sourcecode.swift; path = AppDelegate.swift; sourceTree = "<group>"; };
		351A6269219E11C3003D343A /* FeedVC.swift */ = {isa = PBXFileReference; lastKnownFileType = sourcecode.swift; path = FeedVC.swift; sourceTree = "<group>"; };
		351A626B219E11C3003D343A /* GroupsVC.swift */ = {isa = PBXFileReference; lastKnownFileType = sourcecode.swift; name = GroupsVC.swift; path = ../GroupsVC.swift; sourceTree = "<group>"; };
		351A626E219E11C3003D343A /* Base */ = {isa = PBXFileReference; lastKnownFileType = file.storyboard; name = Base; path = Base.lproj/Main.storyboard; sourceTree = "<group>"; };
		351A6270219E11C4003D343A /* Assets.xcassets */ = {isa = PBXFileReference; lastKnownFileType = folder.assetcatalog; path = Assets.xcassets; sourceTree = "<group>"; };
		351A6273219E11C4003D343A /* Base */ = {isa = PBXFileReference; lastKnownFileType = file.storyboard; name = Base; path = Base.lproj/LaunchScreen.storyboard; sourceTree = "<group>"; };
		351A6275219E11C4003D343A /* Info.plist */ = {isa = PBXFileReference; lastKnownFileType = text.plist.xml; path = Info.plist; sourceTree = "<group>"; };
		351A6282219E18C1003D343A /* GoogleService-Info.plist */ = {isa = PBXFileReference; fileEncoding = 4; lastKnownFileType = text.plist.xml; path = "GoogleService-Info.plist"; sourceTree = "<group>"; };
		351A6284219E1E55003D343A /* DataService.swift */ = {isa = PBXFileReference; lastKnownFileType = sourcecode.swift; path = DataService.swift; sourceTree = "<group>"; };
		351A6286219F15F9003D343A /* AuthVC.swift */ = {isa = PBXFileReference; lastKnownFileType = sourcecode.swift; path = AuthVC.swift; sourceTree = "<group>"; };
		351A6288219F1615003D343A /* LoginVC.swift */ = {isa = PBXFileReference; lastKnownFileType = sourcecode.swift; path = LoginVC.swift; sourceTree = "<group>"; };
		351A628A219F1760003D343A /* InsetTextField.swift */ = {isa = PBXFileReference; lastKnownFileType = sourcecode.swift; path = InsetTextField.swift; sourceTree = "<group>"; };
		35605576219F60B300C284A9 /* ShadowView.swift */ = {isa = PBXFileReference; lastKnownFileType = sourcecode.swift; path = ShadowView.swift; sourceTree = "<group>"; };
		35605578219F902B00C284A9 /* AuthService.swift */ = {isa = PBXFileReference; lastKnownFileType = sourcecode.swift; path = AuthService.swift; sourceTree = "<group>"; };
		3560557A219F94B600C284A9 /* AlertVC.swift */ = {isa = PBXFileReference; lastKnownFileType = sourcecode.swift; path = AlertVC.swift; sourceTree = "<group>"; };
		3560557C219F9F1600C284A9 /* MeVC.swift */ = {isa = PBXFileReference; lastKnownFileType = sourcecode.swift; path = MeVC.swift; sourceTree = "<group>"; };
		3560557E219FBA4800C284A9 /* CreatePostVC.swift */ = {isa = PBXFileReference; lastKnownFileType = sourcecode.swift; path = CreatePostVC.swift; sourceTree = "<group>"; };
		4A5BE1AA2DBA12E3B980EE82 /* Pods-Breakpoint-Community-app.release.xcconfig */ = {isa = PBXFileReference; includeInIndex = 1; lastKnownFileType = text.xcconfig; name = "Pods-Breakpoint-Community-app.release.xcconfig"; path = "Pods/Target Support Files/Pods-Breakpoint-Community-app/Pods-Breakpoint-Community-app.release.xcconfig"; sourceTree = "<group>"; };
		6458900038F68AFB895C0B0D /* Pods_Breakpoint_Community_app.framework */ = {isa = PBXFileReference; explicitFileType = wrapper.framework; includeInIndex = 0; path = Pods_Breakpoint_Community_app.framework; sourceTree = BUILT_PRODUCTS_DIR; };
/* End PBXFileReference section */

/* Begin PBXFrameworksBuildPhase section */
		351A6261219E11C3003D343A /* Frameworks */ = {
			isa = PBXFrameworksBuildPhase;
			buildActionMask = 2147483647;
			files = (
				0591A163FA5E2536D8692192 /* Pods_Breakpoint_Community_app.framework in Frameworks */,
			);
			runOnlyForDeploymentPostprocessing = 0;
		};
/* End PBXFrameworksBuildPhase section */

/* Begin PBXGroup section */
		351A625B219E11C3003D343A = {
			isa = PBXGroup;
			children = (
				351A6266219E11C3003D343A /* Breakpoint-Community-app */,
				351A6265219E11C3003D343A /* Products */,
				5D52614203481E78B91231D4 /* Pods */,
				F43B811344FE203544ACD8F0 /* Frameworks */,
			);
			sourceTree = "<group>";
		};
		351A6265219E11C3003D343A /* Products */ = {
			isa = PBXGroup;
			children = (
				351A6264219E11C3003D343A /* Breakpoint-Community-app.app */,
			);
			name = Products;
			sourceTree = "<group>";
		};
		351A6266219E11C3003D343A /* Breakpoint-Community-app */ = {
			isa = PBXGroup;
			children = (
				351A6267219E11C3003D343A /* AppDelegate.swift */,
				351A627E219E1228003D343A /* Model */,
				351A627D219E121C003D343A /* View */,
				351A627C219E1210003D343A /* Controller */,
				351A6281219E13DF003D343A /* Services */,
				351A627B219E11FE003D343A /* Extensions */,
				351A626D219E11C3003D343A /* Main.storyboard */,
				351A6270219E11C4003D343A /* Assets.xcassets */,
				351A6272219E11C4003D343A /* LaunchScreen.storyboard */,
				351A6275219E11C4003D343A /* Info.plist */,
				351A6282219E18C1003D343A /* GoogleService-Info.plist */,
			);
			path = "Breakpoint-Community-app";
			sourceTree = "<group>";
		};
		351A627B219E11FE003D343A /* Extensions */ = {
			isa = PBXGroup;
			children = (
			);
			path = Extensions;
			sourceTree = "<group>";
		};
		351A627C219E1210003D343A /* Controller */ = {
			isa = PBXGroup;
			children = (
				351A6269219E11C3003D343A /* FeedVC.swift */,
				351A626B219E11C3003D343A /* GroupsVC.swift */,
				351A6286219F15F9003D343A /* AuthVC.swift */,
				351A6288219F1615003D343A /* LoginVC.swift */,
				3560557A219F94B600C284A9 /* AlertVC.swift */,
				3560557C219F9F1600C284A9 /* MeVC.swift */,
				3560557E219FBA4800C284A9 /* CreatePostVC.swift */,
			);
			path = Controller;
			sourceTree = "<group>";
		};
		351A627D219E121C003D343A /* View */ = {
			isa = PBXGroup;
			children = (
				351A628A219F1760003D343A /* InsetTextField.swift */,
				35605576219F60B300C284A9 /* ShadowView.swift */,
			);
			path = View;
			sourceTree = "<group>";
		};
		351A627E219E1228003D343A /* Model */ = {
			isa = PBXGroup;
			children = (
			);
			path = Model;
			sourceTree = "<group>";
		};
		351A6281219E13DF003D343A /* Services */ = {
			isa = PBXGroup;
			children = (
				35605578219F902B00C284A9 /* AuthService.swift */,
				351A6284219E1E55003D343A /* DataService.swift */,
			);
			path = Services;
			sourceTree = "<group>";
		};
		5D52614203481E78B91231D4 /* Pods */ = {
			isa = PBXGroup;
			children = (
				317EDAC0696304F19B2033AF /* Pods-Breakpoint-Community-app.debug.xcconfig */,
				4A5BE1AA2DBA12E3B980EE82 /* Pods-Breakpoint-Community-app.release.xcconfig */,
			);
			name = Pods;
			sourceTree = "<group>";
		};
		F43B811344FE203544ACD8F0 /* Frameworks */ = {
			isa = PBXGroup;
			children = (
				6458900038F68AFB895C0B0D /* Pods_Breakpoint_Community_app.framework */,
			);
			name = Frameworks;
			sourceTree = "<group>";
		};
/* End PBXGroup section */

/* Begin PBXNativeTarget section */
		351A6263219E11C3003D343A /* Breakpoint-Community-app */ = {
			isa = PBXNativeTarget;
			buildConfigurationList = 351A6278219E11C4003D343A /* Build configuration list for PBXNativeTarget "Breakpoint-Community-app" */;
			buildPhases = (
				F49E4292589E9B7FA0641BDE /* [CP] Check Pods Manifest.lock */,
				351A6260219E11C3003D343A /* Sources */,
				351A6261219E11C3003D343A /* Frameworks */,
				351A6262219E11C3003D343A /* Resources */,
				375EF0750873F62776DE9829 /* [CP] Embed Pods Frameworks */,
			);
			buildRules = (
			);
			dependencies = (
			);
			name = "Breakpoint-Community-app";
			productName = "Breakpoint-Community-app";
			productReference = 351A6264219E11C3003D343A /* Breakpoint-Community-app.app */;
			productType = "com.apple.product-type.application";
		};
/* End PBXNativeTarget section */

/* Begin PBXProject section */
		351A625C219E11C3003D343A /* Project object */ = {
			isa = PBXProject;
			attributes = {
				LastSwiftUpdateCheck = 0940;
				LastUpgradeCheck = 0940;
				ORGANIZATIONNAME = K.K.;
				TargetAttributes = {
					351A6263219E11C3003D343A = {
						CreatedOnToolsVersion = 9.4.1;
					};
				};
			};
			buildConfigurationList = 351A625F219E11C3003D343A /* Build configuration list for PBXProject "Breakpoint-Community-app" */;
			compatibilityVersion = "Xcode 9.3";
			developmentRegion = en;
			hasScannedForEncodings = 0;
			knownRegions = (
				en,
				Base,
			);
			mainGroup = 351A625B219E11C3003D343A;
			productRefGroup = 351A6265219E11C3003D343A /* Products */;
			projectDirPath = "";
			projectRoot = "";
			targets = (
				351A6263219E11C3003D343A /* Breakpoint-Community-app */,
			);
		};
/* End PBXProject section */

/* Begin PBXResourcesBuildPhase section */
		351A6262219E11C3003D343A /* Resources */ = {
			isa = PBXResourcesBuildPhase;
			buildActionMask = 2147483647;
			files = (
				351A6274219E11C4003D343A /* LaunchScreen.storyboard in Resources */,
				351A6283219E18C1003D343A /* GoogleService-Info.plist in Resources */,
				351A6271219E11C4003D343A /* Assets.xcassets in Resources */,
				351A626F219E11C3003D343A /* Main.storyboard in Resources */,
			);
			runOnlyForDeploymentPostprocessing = 0;
		};
/* End PBXResourcesBuildPhase section */

/* Begin PBXShellScriptBuildPhase section */
		375EF0750873F62776DE9829 /* [CP] Embed Pods Frameworks */ = {
			isa = PBXShellScriptBuildPhase;
			buildActionMask = 2147483647;
			files = (
			);
			inputPaths = (
				"${SRCROOT}/Pods/Target Support Files/Pods-Breakpoint-Community-app/Pods-Breakpoint-Community-app-frameworks.sh",
				"${BUILT_PRODUCTS_DIR}/GTMSessionFetcher/GTMSessionFetcher.framework",
				"${BUILT_PRODUCTS_DIR}/GoogleUtilities/GoogleUtilities.framework",
				"${BUILT_PRODUCTS_DIR}/leveldb-library/leveldb.framework",
				"${BUILT_PRODUCTS_DIR}/nanopb/nanopb.framework",
			);
			name = "[CP] Embed Pods Frameworks";
			outputPaths = (
				"${TARGET_BUILD_DIR}/${FRAMEWORKS_FOLDER_PATH}/GTMSessionFetcher.framework",
				"${TARGET_BUILD_DIR}/${FRAMEWORKS_FOLDER_PATH}/GoogleUtilities.framework",
				"${TARGET_BUILD_DIR}/${FRAMEWORKS_FOLDER_PATH}/leveldb.framework",
				"${TARGET_BUILD_DIR}/${FRAMEWORKS_FOLDER_PATH}/nanopb.framework",
			);
			runOnlyForDeploymentPostprocessing = 0;
			shellPath = /bin/sh;
			shellScript = "\"${SRCROOT}/Pods/Target Support Files/Pods-Breakpoint-Community-app/Pods-Breakpoint-Community-app-frameworks.sh\"\n";
			showEnvVarsInLog = 0;
		};
		F49E4292589E9B7FA0641BDE /* [CP] Check Pods Manifest.lock */ = {
			isa = PBXShellScriptBuildPhase;
			buildActionMask = 2147483647;
			files = (
			);
			inputPaths = (
				"${PODS_PODFILE_DIR_PATH}/Podfile.lock",
				"${PODS_ROOT}/Manifest.lock",
			);
			name = "[CP] Check Pods Manifest.lock";
			outputPaths = (
				"$(DERIVED_FILE_DIR)/Pods-Breakpoint-Community-app-checkManifestLockResult.txt",
			);
			runOnlyForDeploymentPostprocessing = 0;
			shellPath = /bin/sh;
			shellScript = "diff \"${PODS_PODFILE_DIR_PATH}/Podfile.lock\" \"${PODS_ROOT}/Manifest.lock\" > /dev/null\nif [ $? != 0 ] ; then\n    # print error to STDERR\n    echo \"error: The sandbox is not in sync with the Podfile.lock. Run 'pod install' or update your CocoaPods installation.\" >&2\n    exit 1\nfi\n# This output is used by Xcode 'outputs' to avoid re-running this script phase.\necho \"SUCCESS\" > \"${SCRIPT_OUTPUT_FILE_0}\"\n";
			showEnvVarsInLog = 0;
		};
/* End PBXShellScriptBuildPhase section */

/* Begin PBXSourcesBuildPhase section */
		351A6260219E11C3003D343A /* Sources */ = {
			isa = PBXSourcesBuildPhase;
			buildActionMask = 2147483647;
			files = (
				351A6287219F15F9003D343A /* AuthVC.swift in Sources */,
				351A626C219E11C3003D343A /* GroupsVC.swift in Sources */,
				351A6289219F1615003D343A /* LoginVC.swift in Sources */,
				3560557B219F94B600C284A9 /* AlertVC.swift in Sources */,
				35605579219F902B00C284A9 /* AuthService.swift in Sources */,
				351A6268219E11C3003D343A /* AppDelegate.swift in Sources */,
				35605577219F60B300C284A9 /* ShadowView.swift in Sources */,
				3560557D219F9F1600C284A9 /* MeVC.swift in Sources */,
				3560557F219FBA4800C284A9 /* CreatePostVC.swift in Sources */,
				351A626A219E11C3003D343A /* FeedVC.swift in Sources */,
				351A628B219F1760003D343A /* InsetTextField.swift in Sources */,
				351A6285219E1E55003D343A /* DataService.swift in Sources */,
			);
			runOnlyForDeploymentPostprocessing = 0;
		};
/* End PBXSourcesBuildPhase section */

/* Begin PBXVariantGroup section */
		351A626D219E11C3003D343A /* Main.storyboard */ = {
			isa = PBXVariantGroup;
			children = (
				351A626E219E11C3003D343A /* Base */,
			);
			name = Main.storyboard;
			sourceTree = "<group>";
			usesTabs = 0;
		};
		351A6272219E11C4003D343A /* LaunchScreen.storyboard */ = {
			isa = PBXVariantGroup;
			children = (
				351A6273219E11C4003D343A /* Base */,
			);
			name = LaunchScreen.storyboard;
			sourceTree = "<group>";
		};
/* End PBXVariantGroup section */

/* Begin XCBuildConfiguration section */
		351A6276219E11C4003D343A /* Debug */ = {
			isa = XCBuildConfiguration;
			buildSettings = {
				ALWAYS_SEARCH_USER_PATHS = NO;
				CLANG_ANALYZER_NONNULL = YES;
				CLANG_ANALYZER_NUMBER_OBJECT_CONVERSION = YES_AGGRESSIVE;
				CLANG_CXX_LANGUAGE_STANDARD = "gnu++14";
				CLANG_CXX_LIBRARY = "libc++";
				CLANG_ENABLE_MODULES = YES;
				CLANG_ENABLE_OBJC_ARC = YES;
				CLANG_ENABLE_OBJC_WEAK = YES;
				CLANG_WARN_BLOCK_CAPTURE_AUTORELEASING = YES;
				CLANG_WARN_BOOL_CONVERSION = YES;
				CLANG_WARN_COMMA = YES;
				CLANG_WARN_CONSTANT_CONVERSION = YES;
				CLANG_WARN_DEPRECATED_OBJC_IMPLEMENTATIONS = YES;
				CLANG_WARN_DIRECT_OBJC_ISA_USAGE = YES_ERROR;
				CLANG_WARN_DOCUMENTATION_COMMENTS = YES;
				CLANG_WARN_EMPTY_BODY = YES;
				CLANG_WARN_ENUM_CONVERSION = YES;
				CLANG_WARN_INFINITE_RECURSION = YES;
				CLANG_WARN_INT_CONVERSION = YES;
				CLANG_WARN_NON_LITERAL_NULL_CONVERSION = YES;
				CLANG_WARN_OBJC_IMPLICIT_RETAIN_SELF = YES;
				CLANG_WARN_OBJC_LITERAL_CONVERSION = YES;
				CLANG_WARN_OBJC_ROOT_CLASS = YES_ERROR;
				CLANG_WARN_RANGE_LOOP_ANALYSIS = YES;
				CLANG_WARN_STRICT_PROTOTYPES = YES;
				CLANG_WARN_SUSPICIOUS_MOVE = YES;
				CLANG_WARN_UNGUARDED_AVAILABILITY = YES_AGGRESSIVE;
				CLANG_WARN_UNREACHABLE_CODE = YES;
				CLANG_WARN__DUPLICATE_METHOD_MATCH = YES;
				CODE_SIGN_IDENTITY = "iPhone Developer";
				COPY_PHASE_STRIP = NO;
				DEBUG_INFORMATION_FORMAT = dwarf;
				ENABLE_STRICT_OBJC_MSGSEND = YES;
				ENABLE_TESTABILITY = YES;
				GCC_C_LANGUAGE_STANDARD = gnu11;
				GCC_DYNAMIC_NO_PIC = NO;
				GCC_NO_COMMON_BLOCKS = YES;
				GCC_OPTIMIZATION_LEVEL = 0;
				GCC_PREPROCESSOR_DEFINITIONS = (
					"DEBUG=1",
					"$(inherited)",
				);
				GCC_WARN_64_TO_32_BIT_CONVERSION = YES;
				GCC_WARN_ABOUT_RETURN_TYPE = YES_ERROR;
				GCC_WARN_UNDECLARED_SELECTOR = YES;
				GCC_WARN_UNINITIALIZED_AUTOS = YES_AGGRESSIVE;
				GCC_WARN_UNUSED_FUNCTION = YES;
				GCC_WARN_UNUSED_VARIABLE = YES;
				IPHONEOS_DEPLOYMENT_TARGET = 11.4;
				MTL_ENABLE_DEBUG_INFO = YES;
				ONLY_ACTIVE_ARCH = YES;
				SDKROOT = iphoneos;
				SWIFT_ACTIVE_COMPILATION_CONDITIONS = DEBUG;
				SWIFT_OPTIMIZATION_LEVEL = "-Onone";
			};
			name = Debug;
		};
		351A6277219E11C4003D343A /* Release */ = {
			isa = XCBuildConfiguration;
			buildSettings = {
				ALWAYS_SEARCH_USER_PATHS = NO;
				CLANG_ANALYZER_NONNULL = YES;
				CLANG_ANALYZER_NUMBER_OBJECT_CONVERSION = YES_AGGRESSIVE;
				CLANG_CXX_LANGUAGE_STANDARD = "gnu++14";
				CLANG_CXX_LIBRARY = "libc++";
				CLANG_ENABLE_MODULES = YES;
				CLANG_ENABLE_OBJC_ARC = YES;
				CLANG_ENABLE_OBJC_WEAK = YES;
				CLANG_WARN_BLOCK_CAPTURE_AUTORELEASING = YES;
				CLANG_WARN_BOOL_CONVERSION = YES;
				CLANG_WARN_COMMA = YES;
				CLANG_WARN_CONSTANT_CONVERSION = YES;
				CLANG_WARN_DEPRECATED_OBJC_IMPLEMENTATIONS = YES;
				CLANG_WARN_DIRECT_OBJC_ISA_USAGE = YES_ERROR;
				CLANG_WARN_DOCUMENTATION_COMMENTS = YES;
				CLANG_WARN_EMPTY_BODY = YES;
				CLANG_WARN_ENUM_CONVERSION = YES;
				CLANG_WARN_INFINITE_RECURSION = YES;
				CLANG_WARN_INT_CONVERSION = YES;
				CLANG_WARN_NON_LITERAL_NULL_CONVERSION = YES;
				CLANG_WARN_OBJC_IMPLICIT_RETAIN_SELF = YES;
				CLANG_WARN_OBJC_LITERAL_CONVERSION = YES;
				CLANG_WARN_OBJC_ROOT_CLASS = YES_ERROR;
				CLANG_WARN_RANGE_LOOP_ANALYSIS = YES;
				CLANG_WARN_STRICT_PROTOTYPES = YES;
				CLANG_WARN_SUSPICIOUS_MOVE = YES;
				CLANG_WARN_UNGUARDED_AVAILABILITY = YES_AGGRESSIVE;
				CLANG_WARN_UNREACHABLE_CODE = YES;
				CLANG_WARN__DUPLICATE_METHOD_MATCH = YES;
				CODE_SIGN_IDENTITY = "iPhone Developer";
				COPY_PHASE_STRIP = NO;
				DEBUG_INFORMATION_FORMAT = "dwarf-with-dsym";
				ENABLE_NS_ASSERTIONS = NO;
				ENABLE_STRICT_OBJC_MSGSEND = YES;
				GCC_C_LANGUAGE_STANDARD = gnu11;
				GCC_NO_COMMON_BLOCKS = YES;
				GCC_WARN_64_TO_32_BIT_CONVERSION = YES;
				GCC_WARN_ABOUT_RETURN_TYPE = YES_ERROR;
				GCC_WARN_UNDECLARED_SELECTOR = YES;
				GCC_WARN_UNINITIALIZED_AUTOS = YES_AGGRESSIVE;
				GCC_WARN_UNUSED_FUNCTION = YES;
				GCC_WARN_UNUSED_VARIABLE = YES;
				IPHONEOS_DEPLOYMENT_TARGET = 11.4;
				MTL_ENABLE_DEBUG_INFO = NO;
				SDKROOT = iphoneos;
				SWIFT_COMPILATION_MODE = wholemodule;
				SWIFT_OPTIMIZATION_LEVEL = "-O";
				VALIDATE_PRODUCT = YES;
			};
			name = Release;
		};
		351A6279219E11C4003D343A /* Debug */ = {
			isa = XCBuildConfiguration;
			baseConfigurationReference = 317EDAC0696304F19B2033AF /* Pods-Breakpoint-Community-app.debug.xcconfig */;
			buildSettings = {
				ASSETCATALOG_COMPILER_APPICON_NAME = AppIcon;
				CODE_SIGN_STYLE = Automatic;
				INFOPLIST_FILE = "Breakpoint-Community-app/Info.plist";
				LD_RUNPATH_SEARCH_PATHS = (
					"$(inherited)",
					"@executable_path/Frameworks",
				);
				PRODUCT_BUNDLE_IDENTIFIER = "private.Breakpoint-Community-app";
				PRODUCT_NAME = "$(TARGET_NAME)";
				SWIFT_VERSION = 4.0;
				TARGETED_DEVICE_FAMILY = "1,2";
			};
			name = Debug;
		};
		351A627A219E11C4003D343A /* Release */ = {
			isa = XCBuildConfiguration;
			baseConfigurationReference = 4A5BE1AA2DBA12E3B980EE82 /* Pods-Breakpoint-Community-app.release.xcconfig */;
			buildSettings = {
				ASSETCATALOG_COMPILER_APPICON_NAME = AppIcon;
				CODE_SIGN_STYLE = Automatic;
				INFOPLIST_FILE = "Breakpoint-Community-app/Info.plist";
				LD_RUNPATH_SEARCH_PATHS = (
					"$(inherited)",
					"@executable_path/Frameworks",
				);
				PRODUCT_BUNDLE_IDENTIFIER = "private.Breakpoint-Community-app";
				PRODUCT_NAME = "$(TARGET_NAME)";
				SWIFT_VERSION = 4.0;
				TARGETED_DEVICE_FAMILY = "1,2";
			};
			name = Release;
		};
/* End XCBuildConfiguration section */

/* Begin XCConfigurationList section */
		351A625F219E11C3003D343A /* Build configuration list for PBXProject "Breakpoint-Community-app" */ = {
			isa = XCConfigurationList;
			buildConfigurations = (
				351A6276219E11C4003D343A /* Debug */,
				351A6277219E11C4003D343A /* Release */,
			);
			defaultConfigurationIsVisible = 0;
			defaultConfigurationName = Release;
		};
		351A6278219E11C4003D343A /* Build configuration list for PBXNativeTarget "Breakpoint-Community-app" */ = {
			isa = XCConfigurationList;
			buildConfigurations = (
				351A6279219E11C4003D343A /* Debug */,
				351A627A219E11C4003D343A /* Release */,
			);
			defaultConfigurationIsVisible = 0;
			defaultConfigurationName = Release;
		};
/* End XCConfigurationList section */
	};
	rootObject = 351A625C219E11C3003D343A /* Project object */;
}
