// !$*UTF8*$!
{
	archiveVersion = 1;
	classes = {
	};
	objectVersion = 50;
	objects = {

/* Begin PBXBuildFile section */
		351A6268219E11C3003D343A /* AppDelegate.swift in Sources */ = {isa = PBXBuildFile; fileRef = 351A6267219E11C3003D343A /* AppDelegate.swift */; };
		351A626A219E11C3003D343A /* FirstViewController.swift in Sources */ = {isa = PBXBuildFile; fileRef = 351A6269219E11C3003D343A /* FirstViewController.swift */; };
		351A626C219E11C3003D343A /* SecondViewController.swift in Sources */ = {isa = PBXBuildFile; fileRef = 351A626B219E11C3003D343A /* SecondViewController.swift */; };
		351A626F219E11C3003D343A /* Main.storyboard in Resources */ = {isa = PBXBuildFile; fileRef = 351A626D219E11C3003D343A /* Main.storyboard */; };
		351A6271219E11C4003D343A /* Assets.xcassets in Resources */ = {isa = PBXBuildFile; fileRef = 351A6270219E11C4003D343A /* Assets.xcassets */; };
		351A6274219E11C4003D343A /* LaunchScreen.storyboard in Resources */ = {isa = PBXBuildFile; fileRef = 351A6272219E11C4003D343A /* LaunchScreen.storyboard */; };
/* End PBXBuildFile section */

/* Begin PBXFileReference section */
		351A6264219E11C3003D343A /* Breakpoint-Community-app.app */ = {isa = PBXFileReference; explicitFileType = wrapper.application; includeInIndex = 0; path = "Breakpoint-Community-app.app"; sourceTree = BUILT_PRODUCTS_DIR; };
		351A6267219E11C3003D343A /* AppDelegate.swift */ = {isa = PBXFileReference; lastKnownFileType = sourcecode.swift; path = AppDelegate.swift; sourceTree = "<group>"; };
		351A6269219E11C3003D343A /* FirstViewController.swift */ = {isa = PBXFileReference; lastKnownFileType = sourcecode.swift; path = FirstViewController.swift; sourceTree = "<group>"; };
		351A626B219E11C3003D343A /* SecondViewController.swift */ = {isa = PBXFileReference; lastKnownFileType = sourcecode.swift; name = SecondViewController.swift; path = ../SecondViewController.swift; sourceTree = "<group>"; };
		351A626E219E11C3003D343A /* Base */ = {isa = PBXFileReference; lastKnownFileType = file.storyboard; name = Base; path = Base.lproj/Main.storyboard; sourceTree = "<group>"; };
		351A6270219E11C4003D343A /* Assets.xcassets */ = {isa = PBXFileReference; lastKnownFileType = folder.assetcatalog; path = Assets.xcassets; sourceTree = "<group>"; };
		351A6273219E11C4003D343A /* Base */ = {isa = PBXFileReference; lastKnownFileType = file.storyboard; name = Base; path = Base.lproj/LaunchScreen.storyboard; sourceTree = "<group>"; };
		351A6275219E11C4003D343A /* Info.plist */ = {isa = PBXFileReference; lastKnownFileType = text.plist.xml; path = Info.plist; sourceTree = "<group>"; };
/* End PBXFileReference section */

/* Begin PBXFrameworksBuildPhase section */
		351A6261219E11C3003D343A /* Frameworks */ = {
			isa = PBXFrameworksBuildPhase;
			buildActionMask = 2147483647;
			files = (
			);
			runOnlyForDeploymentPostprocessing = 0;
		};
/* End PBXFrameworksBuildPhase section */

/* Begin PBXGroup section */
		351A625B219E11C3003D343A = {
			isa = PBXGroup;
			children = (
				351A6266219E11C3003D343A /* Breakpoint-Community-app */,
				351A6265219E11C3003D343A /* Products */,
			);
			sourceTree = "<group>";
		};
		351A6265219E11C3003D343A /* Products */ = {
			isa = PBXGroup;
			children = (
				351A6264219E11C3003D343A /* Breakpoint-Community-app.app */,
			);
			name = Products;
			sourceTree = "<group>";
		};
		351A6266219E11C3003D343A /* Breakpoint-Community-app */ = {
			isa = PBXGroup;
			children = (
				351A6267219E11C3003D343A /* AppDelegate.swift */,
				351A627E219E1228003D343A /* Model */,
				351A627D219E121C003D343A /* View */,
				351A627C219E1210003D343A /* Controller */,
				351A6281219E13DF003D343A /* Services */,
				351A627B219E11FE003D343A /* Extensions */,
				351A626D219E11C3003D343A /* Main.storyboard */,
				351A6270219E11C4003D343A /* Assets.xcassets */,
				351A6272219E11C4003D343A /* LaunchScreen.storyboard */,
				351A6275219E11C4003D343A /* Info.plist */,
			);
			path = "Breakpoint-Community-app";
			sourceTree = "<group>";
		};
		351A627B219E11FE003D343A /* Extensions */ = {
			isa = PBXGroup;
			children = (
			);
			path = Extensions;
			sourceTree = "<group>";
		};
		351A627C219E1210003D343A /* Controller */ = {
			isa = PBXGroup;
			children = (
				351A6269219E11C3003D343A /* FirstViewController.swift */,
				351A626B219E11C3003D343A /* SecondViewController.swift */,
			);
			path = Controller;
			sourceTree = "<group>";
		};
		351A627D219E121C003D343A /* View */ = {
			isa = PBXGroup;
			children = (
			);
			path = View;
			sourceTree = "<group>";
		};
		351A627E219E1228003D343A /* Model */ = {
			isa = PBXGroup;
			children = (
			);
			path = Model;
			sourceTree = "<group>";
		};
		351A6281219E13DF003D343A /* Services */ = {
			isa = PBXGroup;
			children = (
			);
			path = Services;
			sourceTree = "<group>";
		};
/* End PBXGroup section */

/* Begin PBXNativeTarget section */
		351A6263219E11C3003D343A /* Breakpoint-Community-app */ = {
			isa = PBXNativeTarget;
			buildConfigurationList = 351A6278219E11C4003D343A /* Build configuration list for PBXNativeTarget "Breakpoint-Community-app" */;
			buildPhases = (
				351A6260219E11C3003D343A /* Sources */,
				351A6261219E11C3003D343A /* Frameworks */,
				351A6262219E11C3003D343A /* Resources */,
			);
			buildRules = (
			);
			dependencies = (
			);
			name = "Breakpoint-Community-app";
			productName = "Breakpoint-Community-app";
			productReference = 351A6264219E11C3003D343A /* Breakpoint-Community-app.app */;
			productType = "com.apple.product-type.application";
		};
/* End PBXNativeTarget section */

/* Begin PBXProject section */
		351A625C219E11C3003D343A /* Project object */ = {
			isa = PBXProject;
			attributes = {
				LastSwiftUpdateCheck = 0940;
				LastUpgradeCheck = 0940;
				ORGANIZATIONNAME = K.K.;
				TargetAttributes = {
					351A6263219E11C3003D343A = {
						CreatedOnToolsVersion = 9.4.1;
					};
				};
			};
			buildConfigurationList = 351A625F219E11C3003D343A /* Build configuration list for PBXProject "Breakpoint-Community-app" */;
			compatibilityVersion = "Xcode 9.3";
			developmentRegion = en;
			hasScannedForEncodings = 0;
			knownRegions = (
				en,
				Base,
			);
			mainGroup = 351A625B219E11C3003D343A;
			productRefGroup = 351A6265219E11C3003D343A /* Products */;
			projectDirPath = "";
			projectRoot = "";
			targets = (
				351A6263219E11C3003D343A /* Breakpoint-Community-app */,
			);
		};
/* End PBXProject section */

/* Begin PBXResourcesBuildPhase section */
		351A6262219E11C3003D343A /* Resources */ = {
			isa = PBXResourcesBuildPhase;
			buildActionMask = 2147483647;
			files = (
				351A6274219E11C4003D343A /* LaunchScreen.storyboard in Resources */,
				351A6271219E11C4003D343A /* Assets.xcassets in Resources */,
				351A626F219E11C3003D343A /* Main.storyboard in Resources */,
			);
			runOnlyForDeploymentPostprocessing = 0;
		};
/* End PBXResourcesBuildPhase section */

/* Begin PBXSourcesBuildPhase section */
		351A6260219E11C3003D343A /* Sources */ = {
			isa = PBXSourcesBuildPhase;
			buildActionMask = 2147483647;
			files = (
				351A626C219E11C3003D343A /* SecondViewController.swift in Sources */,
				351A6268219E11C3003D343A /* AppDelegate.swift in Sources */,
				351A626A219E11C3003D343A /* FirstViewController.swift in Sources */,
			);
			runOnlyForDeploymentPostprocessing = 0;
		};
/* End PBXSourcesBuildPhase section */

/* Begin PBXVariantGroup section */
		351A626D219E11C3003D343A /* Main.storyboard */ = {
			isa = PBXVariantGroup;
			children = (
				351A626E219E11C3003D343A /* Base */,
			);
			name = Main.storyboard;
			sourceTree = "<group>";
		};
		351A6272219E11C4003D343A /* LaunchScreen.storyboard */ = {
			isa = PBXVariantGroup;
			children = (
				351A6273219E11C4003D343A /* Base */,
			);
			name = LaunchScreen.storyboard;
			sourceTree = "<group>";
		};
/* End PBXVariantGroup section */

/* Begin XCBuildConfiguration section */
		351A6276219E11C4003D343A /* Debug */ = {
			isa = XCBuildConfiguration;
			buildSettings = {
				ALWAYS_SEARCH_USER_PATHS = NO;
				CLANG_ANALYZER_NONNULL = YES;
				CLANG_ANALYZER_NUMBER_OBJECT_CONVERSION = YES_AGGRESSIVE;
				CLANG_CXX_LANGUAGE_STANDARD = "gnu++14";
				CLANG_CXX_LIBRARY = "libc++";
				CLANG_ENABLE_MODULES = YES;
				CLANG_ENABLE_OBJC_ARC = YES;
				CLANG_ENABLE_OBJC_WEAK = YES;
				CLANG_WARN_BLOCK_CAPTURE_AUTORELEASING = YES;
				CLANG_WARN_BOOL_CONVERSION = YES;
				CLANG_WARN_COMMA = YES;
				CLANG_WARN_CONSTANT_CONVERSION = YES;
				CLANG_WARN_DEPRECATED_OBJC_IMPLEMENTATIONS = YES;
				CLANG_WARN_DIRECT_OBJC_ISA_USAGE = YES_ERROR;
				CLANG_WARN_DOCUMENTATION_COMMENTS = YES;
				CLANG_WARN_EMPTY_BODY = YES;
				CLANG_WARN_ENUM_CONVERSION = YES;
				CLANG_WARN_INFINITE_RECURSION = YES;
				CLANG_WARN_INT_CONVERSION = YES;
				CLANG_WARN_NON_LITERAL_NULL_CONVERSION = YES;
				CLANG_WARN_OBJC_IMPLICIT_RETAIN_SELF = YES;
				CLANG_WARN_OBJC_LITERAL_CONVERSION = YES;
				CLANG_WARN_OBJC_ROOT_CLASS = YES_ERROR;
				CLANG_WARN_RANGE_LOOP_ANALYSIS = YES;
				CLANG_WARN_STRICT_PROTOTYPES = YES;
				CLANG_WARN_SUSPICIOUS_MOVE = YES;
				CLANG_WARN_UNGUARDED_AVAILABILITY = YES_AGGRESSIVE;
				CLANG_WARN_UNREACHABLE_CODE = YES;
				CLANG_WARN__DUPLICATE_METHOD_MATCH = YES;
				CODE_SIGN_IDENTITY = "iPhone Developer";
				COPY_PHASE_STRIP = NO;
				DEBUG_INFORMATION_FORMAT = dwarf;
				ENABLE_STRICT_OBJC_MSGSEND = YES;
				ENABLE_TESTABILITY = YES;
				GCC_C_LANGUAGE_STANDARD = gnu11;
				GCC_DYNAMIC_NO_PIC = NO;
				GCC_NO_COMMON_BLOCKS = YES;
				GCC_OPTIMIZATION_LEVEL = 0;
				GCC_PREPROCESSOR_DEFINITIONS = (
					"DEBUG=1",
					"$(inherited)",
				);
				GCC_WARN_64_TO_32_BIT_CONVERSION = YES;
				GCC_WARN_ABOUT_RETURN_TYPE = YES_ERROR;
				GCC_WARN_UNDECLARED_SELECTOR = YES;
				GCC_WARN_UNINITIALIZED_AUTOS = YES_AGGRESSIVE;
				GCC_WARN_UNUSED_FUNCTION = YES;
				GCC_WARN_UNUSED_VARIABLE = YES;
				IPHONEOS_DEPLOYMENT_TARGET = 11.4;
				MTL_ENABLE_DEBUG_INFO = YES;
				ONLY_ACTIVE_ARCH = YES;
				SDKROOT = iphoneos;
				SWIFT_ACTIVE_COMPILATION_CONDITIONS = DEBUG;
				SWIFT_OPTIMIZATION_LEVEL = "-Onone";
			};
			name = Debug;
		};
		351A6277219E11C4003D343A /* Release */ = {
			isa = XCBuildConfiguration;
			buildSettings = {
				ALWAYS_SEARCH_USER_PATHS = NO;
				CLANG_ANALYZER_NONNULL = YES;
				CLANG_ANALYZER_NUMBER_OBJECT_CONVERSION = YES_AGGRESSIVE;
				CLANG_CXX_LANGUAGE_STANDARD = "gnu++14";
				CLANG_CXX_LIBRARY = "libc++";
				CLANG_ENABLE_MODULES = YES;
				CLANG_ENABLE_OBJC_ARC = YES;
				CLANG_ENABLE_OBJC_WEAK = YES;
				CLANG_WARN_BLOCK_CAPTURE_AUTORELEASING = YES;
				CLANG_WARN_BOOL_CONVERSION = YES;
				CLANG_WARN_COMMA = YES;
				CLANG_WARN_CONSTANT_CONVERSION = YES;
				CLANG_WARN_DEPRECATED_OBJC_IMPLEMENTATIONS = YES;
				CLANG_WARN_DIRECT_OBJC_ISA_USAGE = YES_ERROR;
				CLANG_WARN_DOCUMENTATION_COMMENTS = YES;
				CLANG_WARN_EMPTY_BODY = YES;
				CLANG_WARN_ENUM_CONVERSION = YES;
				CLANG_WARN_INFINITE_RECURSION = YES;
				CLANG_WARN_INT_CONVERSION = YES;
				CLANG_WARN_NON_LITERAL_NULL_CONVERSION = YES;
				CLANG_WARN_OBJC_IMPLICIT_RETAIN_SELF = YES;
				CLANG_WARN_OBJC_LITERAL_CONVERSION = YES;
				CLANG_WARN_OBJC_ROOT_CLASS = YES_ERROR;
				CLANG_WARN_RANGE_LOOP_ANALYSIS = YES;
				CLANG_WARN_STRICT_PROTOTYPES = YES;
				CLANG_WARN_SUSPICIOUS_MOVE = YES;
				CLANG_WARN_UNGUARDED_AVAILABILITY = YES_AGGRESSIVE;
				CLANG_WARN_UNREACHABLE_CODE = YES;
				CLANG_WARN__DUPLICATE_METHOD_MATCH = YES;
				CODE_SIGN_IDENTITY = "iPhone Developer";
				COPY_PHASE_STRIP = NO;
				DEBUG_INFORMATION_FORMAT = "dwarf-with-dsym";
				ENABLE_NS_ASSERTIONS = NO;
				ENABLE_STRICT_OBJC_MSGSEND = YES;
				GCC_C_LANGUAGE_STANDARD = gnu11;
				GCC_NO_COMMON_BLOCKS = YES;
				GCC_WARN_64_TO_32_BIT_CONVERSION = YES;
				GCC_WARN_ABOUT_RETURN_TYPE = YES_ERROR;
				GCC_WARN_UNDECLARED_SELECTOR = YES;
				GCC_WARN_UNINITIALIZED_AUTOS = YES_AGGRESSIVE;
				GCC_WARN_UNUSED_FUNCTION = YES;
				GCC_WARN_UNUSED_VARIABLE = YES;
				IPHONEOS_DEPLOYMENT_TARGET = 11.4;
				MTL_ENABLE_DEBUG_INFO = NO;
				SDKROOT = iphoneos;
				SWIFT_COMPILATION_MODE = wholemodule;
				SWIFT_OPTIMIZATION_LEVEL = "-O";
				VALIDATE_PRODUCT = YES;
			};
			name = Release;
		};
		351A6279219E11C4003D343A /* Debug */ = {
			isa = XCBuildConfiguration;
			buildSettings = {
				ASSETCATALOG_COMPILER_APPICON_NAME = AppIcon;
				CODE_SIGN_STYLE = Automatic;
				INFOPLIST_FILE = "Breakpoint-Community-app/Info.plist";
				LD_RUNPATH_SEARCH_PATHS = (
					"$(inherited)",
					"@executable_path/Frameworks",
				);
				PRODUCT_BUNDLE_IDENTIFIER = "private.Breakpoint-Community-app";
				PRODUCT_NAME = "$(TARGET_NAME)";
				SWIFT_VERSION = 4.0;
				TARGETED_DEVICE_FAMILY = "1,2";
			};
			name = Debug;
		};
		351A627A219E11C4003D343A /* Release */ = {
			isa = XCBuildConfiguration;
			buildSettings = {
				ASSETCATALOG_COMPILER_APPICON_NAME = AppIcon;
				CODE_SIGN_STYLE = Automatic;
				INFOPLIST_FILE = "Breakpoint-Community-app/Info.plist";
				LD_RUNPATH_SEARCH_PATHS = (
					"$(inherited)",
					"@executable_path/Frameworks",
				);
				PRODUCT_BUNDLE_IDENTIFIER = "private.Breakpoint-Community-app";
				PRODUCT_NAME = "$(TARGET_NAME)";
				SWIFT_VERSION = 4.0;
				TARGETED_DEVICE_FAMILY = "1,2";
			};
			name = Release;
		};
/* End XCBuildConfiguration section */

/* Begin XCConfigurationList section */
		351A625F219E11C3003D343A /* Build configuration list for PBXProject "Breakpoint-Community-app" */ = {
			isa = XCConfigurationList;
			buildConfigurations = (
				351A6276219E11C4003D343A /* Debug */,
				351A6277219E11C4003D343A /* Release */,
			);
			defaultConfigurationIsVisible = 0;
			defaultConfigurationName = Release;
		};
		351A6278219E11C4003D343A /* Build configuration list for PBXNativeTarget "Breakpoint-Community-app" */ = {
			isa = XCConfigurationList;
			buildConfigurations = (
				351A6279219E11C4003D343A /* Debug */,
				351A627A219E11C4003D343A /* Release */,
			);
			defaultConfigurationIsVisible = 0;
			defaultConfigurationName = Release;
		};
/* End XCConfigurationList section */
	};
	rootObject = 351A625C219E11C3003D343A /* Project object */;
}
